
Microsoft Visual Studio Solution File, Format Version 12.00
# Visual Studio 15
VisualStudioVersion = 15.0.27004.2008
MinimumVisualStudioVersion = 10.0.40219.1
Project("{FAE04EC0-301F-11D3-BF4B-00C04F79EFBC}") = "NAudioWrapper", "NAudioWrapper\NAudioWrapper.csproj", "{F4DC1532-8728-41FC-84A8-38EF0E0F7E07}"
EndProject
Global
	GlobalSection(SolutionConfigurationPlatforms) = preSolution
		Debug|Any CPU = Debug|Any CPU
		Release|Any CPU = Release|Any CPU
	EndGlobalSection
	GlobalSection(ProjectConfigurationPlatforms) = postSolution
		{F4DC1532-8728-41FC-84A8-38EF0E0F7E07}.Debug|Any CPU.ActiveCfg = Debug|Any CPU
		{F4DC1532-8728-41FC-84A8-38EF0E0F7E07}.Debug|Any CPU.Build.0 = Debug|Any CPU
		{F4DC1532-8728-41FC-84A8-38EF0E0F7E07}.Release|Any CPU.ActiveCfg = Release|Any CPU
		{F4DC1532-8728-41FC-84A8-38EF0E0F7E07}.Release|Any CPU.Build.0 = Release|Any CPU
	EndGlobalSection
	GlobalSection(SolutionProperties) = preSolution
		HideSolutionNode = FALSE
	EndGlobalSection
	GlobalSection(ExtensibilityGlobals) = postSolution
		SolutionGuid = {F1C7D550-E945-4C23-95B1-17B740A26E61}
	EndGlobalSection
EndGlobal
